// !$*UTF8*$!
{
	archiveVersion = 1;
	classes = {
	};
	objectVersion = 46;
	objects = {

/* Begin PBXBuildFile section */
		7933447A180F6AEA00AB2C0F /* Foundation.framework in Frameworks */ = {isa = PBXBuildFile; fileRef = 79334479180F6AEA00AB2C0F /* Foundation.framework */; };
		79334488180F6AEA00AB2C0F /* XCTest.framework in Frameworks */ = {isa = PBXBuildFile; fileRef = 79334487180F6AEA00AB2C0F /* XCTest.framework */; };
		79334489180F6AEA00AB2C0F /* Foundation.framework in Frameworks */ = {isa = PBXBuildFile; fileRef = 79334479180F6AEA00AB2C0F /* Foundation.framework */; };
		7933448B180F6AEA00AB2C0F /* UIKit.framework in Frameworks */ = {isa = PBXBuildFile; fileRef = 7933448A180F6AEA00AB2C0F /* UIKit.framework */; };
		7933448E180F6AEA00AB2C0F /* libMEThumbnailKit.a in Frameworks */ = {isa = PBXBuildFile; fileRef = 79334476180F6AEA00AB2C0F /* libMEThumbnailKit.a */; };
		79334494180F6AEA00AB2C0F /* InfoPlist.strings in Resources */ = {isa = PBXBuildFile; fileRef = 79334492180F6AEA00AB2C0F /* InfoPlist.strings */; };
		79334496180F6AEA00AB2C0F /* METhumbnailKitTests.m in Sources */ = {isa = PBXBuildFile; fileRef = 79334495180F6AEA00AB2C0F /* METhumbnailKitTests.m */; };
		793344A4180F6B8200AB2C0F /* Foundation.framework in Frameworks */ = {isa = PBXBuildFile; fileRef = 79334479180F6AEA00AB2C0F /* Foundation.framework */; };
		793344A6180F6B8300AB2C0F /* CoreGraphics.framework in Frameworks */ = {isa = PBXBuildFile; fileRef = 793344A5180F6B8300AB2C0F /* CoreGraphics.framework */; };
		793344A7180F6B8300AB2C0F /* UIKit.framework in Frameworks */ = {isa = PBXBuildFile; fileRef = 7933448A180F6AEA00AB2C0F /* UIKit.framework */; };
		793344AD180F6B8300AB2C0F /* InfoPlist.strings in Resources */ = {isa = PBXBuildFile; fileRef = 793344AB180F6B8300AB2C0F /* InfoPlist.strings */; };
		793344AF180F6B8300AB2C0F /* main.m in Sources */ = {isa = PBXBuildFile; fileRef = 793344AE180F6B8300AB2C0F /* main.m */; };
		793344B3180F6B8300AB2C0F /* MEAppDelegate.m in Sources */ = {isa = PBXBuildFile; fileRef = 793344B2180F6B8300AB2C0F /* MEAppDelegate.m */; };
		793344B5180F6B8300AB2C0F /* Images.xcassets in Resources */ = {isa = PBXBuildFile; fileRef = 793344B4180F6B8300AB2C0F /* Images.xcassets */; };
		793344CF180F6C8300AB2C0F /* Files in Resources */ = {isa = PBXBuildFile; fileRef = 793344CE180F6C8300AB2C0F /* Files */; };
		793344D2180F6E6400AB2C0F /* METhumbnailManager.m in Sources */ = {isa = PBXBuildFile; fileRef = 793344D1180F6E6400AB2C0F /* METhumbnailManager.m */; };
		793344D8180F749900AB2C0F /* MEImageThumbnailOperation.m in Sources */ = {isa = PBXBuildFile; fileRef = 793344D7180F749900AB2C0F /* MEImageThumbnailOperation.m */; };
		793344E1180F7DB800AB2C0F /* UIImage+METKExtensions.m in Sources */ = {isa = PBXBuildFile; fileRef = 793344E0180F7DB800AB2C0F /* UIImage+METKExtensions.m */; };
		793344E2180F8F6200AB2C0F /* libMEThumbnailKit.a in Frameworks */ = {isa = PBXBuildFile; fileRef = 79334476180F6AEA00AB2C0F /* libMEThumbnailKit.a */; };
		793344E6180F904D00AB2C0F /* METhumbnailKit.h in CopyFiles */ = {isa = PBXBuildFile; fileRef = 793344E5180F8F9500AB2C0F /* METhumbnailKit.h */; };
		793344E7180F904D00AB2C0F /* METhumbnailManager.h in CopyFiles */ = {isa = PBXBuildFile; fileRef = 793344D0180F6E6400AB2C0F /* METhumbnailManager.h */; };
		793344E8180F904D00AB2C0F /* METhumbnailOperation.h in CopyFiles */ = {isa = PBXBuildFile; fileRef = 793344DB180F769F00AB2C0F /* METhumbnailOperation.h */; };
		793344E9180F904D00AB2C0F /* MEImageThumbnailOperation.h in CopyFiles */ = {isa = PBXBuildFile; fileRef = 793344D6180F749900AB2C0F /* MEImageThumbnailOperation.h */; };
		793344EA180F904D00AB2C0F /* UIImage+METKExtensions.h in CopyFiles */ = {isa = PBXBuildFile; fileRef = 793344DF180F7DB800AB2C0F /* UIImage+METKExtensions.h */; };
		793344ED180FB19500AB2C0F /* MERootViewController.m in Sources */ = {isa = PBXBuildFile; fileRef = 793344EC180FB19500AB2C0F /* MERootViewController.m */; };
		793344EF180FC38000AB2C0F /* MobileCoreServices.framework in Frameworks */ = {isa = PBXBuildFile; fileRef = 793344EE180FC38000AB2C0F /* MobileCoreServices.framework */; };
/* End PBXBuildFile section */

/* Begin PBXContainerItemProxy section */
		7933448C180F6AEA00AB2C0F /* PBXContainerItemProxy */ = {
			isa = PBXContainerItemProxy;
			containerPortal = 7933446E180F6AEA00AB2C0F /* Project object */;
			proxyType = 1;
			remoteGlobalIDString = 79334475180F6AEA00AB2C0F;
			remoteInfo = METhumbnailKit;
		};
		793344E3180F8F7E00AB2C0F /* PBXContainerItemProxy */ = {
			isa = PBXContainerItemProxy;
			containerPortal = 7933446E180F6AEA00AB2C0F /* Project object */;
			proxyType = 1;
			remoteGlobalIDString = 79334475180F6AEA00AB2C0F;
			remoteInfo = METhumbnailKit;
		};
/* End PBXContainerItemProxy section */

/* Begin PBXCopyFilesBuildPhase section */
		79334474180F6AEA00AB2C0F /* CopyFiles */ = {
			isa = PBXCopyFilesBuildPhase;
			buildActionMask = 2147483647;
			dstPath = "include/$(PRODUCT_NAME)";
			dstSubfolderSpec = 16;
			files = (
				793344E6180F904D00AB2C0F /* METhumbnailKit.h in CopyFiles */,
				793344E7180F904D00AB2C0F /* METhumbnailManager.h in CopyFiles */,
				793344E8180F904D00AB2C0F /* METhumbnailOperation.h in CopyFiles */,
				793344E9180F904D00AB2C0F /* MEImageThumbnailOperation.h in CopyFiles */,
				793344EA180F904D00AB2C0F /* UIImage+METKExtensions.h in CopyFiles */,
			);
			runOnlyForDeploymentPostprocessing = 0;
		};
/* End PBXCopyFilesBuildPhase section */

/* Begin PBXFileReference section */
		79334476180F6AEA00AB2C0F /* libMEThumbnailKit.a */ = {isa = PBXFileReference; explicitFileType = archive.ar; includeInIndex = 0; path = libMEThumbnailKit.a; sourceTree = BUILT_PRODUCTS_DIR; };
		79334479180F6AEA00AB2C0F /* Foundation.framework */ = {isa = PBXFileReference; lastKnownFileType = wrapper.framework; name = Foundation.framework; path = System/Library/Frameworks/Foundation.framework; sourceTree = SDKROOT; };
		7933447D180F6AEA00AB2C0F /* METhumbnailKit-Prefix.pch */ = {isa = PBXFileReference; lastKnownFileType = sourcecode.c.h; path = "METhumbnailKit-Prefix.pch"; sourceTree = "<group>"; };
		79334486180F6AEA00AB2C0F /* METhumbnailKitTests.xctest */ = {isa = PBXFileReference; explicitFileType = wrapper.cfbundle; includeInIndex = 0; path = METhumbnailKitTests.xctest; sourceTree = BUILT_PRODUCTS_DIR; };
		79334487180F6AEA00AB2C0F /* XCTest.framework */ = {isa = PBXFileReference; lastKnownFileType = wrapper.framework; name = XCTest.framework; path = Library/Frameworks/XCTest.framework; sourceTree = DEVELOPER_DIR; };
		7933448A180F6AEA00AB2C0F /* UIKit.framework */ = {isa = PBXFileReference; lastKnownFileType = wrapper.framework; name = UIKit.framework; path = Library/Frameworks/UIKit.framework; sourceTree = DEVELOPER_DIR; };
		79334491180F6AEA00AB2C0F /* METhumbnailKitTests-Info.plist */ = {isa = PBXFileReference; lastKnownFileType = text.plist.xml; path = "METhumbnailKitTests-Info.plist"; sourceTree = "<group>"; };
		79334493180F6AEA00AB2C0F /* en */ = {isa = PBXFileReference; lastKnownFileType = text.plist.strings; name = en; path = en.lproj/InfoPlist.strings; sourceTree = "<group>"; };
		79334495180F6AEA00AB2C0F /* METhumbnailKitTests.m */ = {isa = PBXFileReference; lastKnownFileType = sourcecode.c.objc; path = METhumbnailKitTests.m; sourceTree = "<group>"; };
		793344A3180F6B8200AB2C0F /* METhumbnailKitDemo.app */ = {isa = PBXFileReference; explicitFileType = wrapper.application; includeInIndex = 0; path = METhumbnailKitDemo.app; sourceTree = BUILT_PRODUCTS_DIR; };
		793344A5180F6B8300AB2C0F /* CoreGraphics.framework */ = {isa = PBXFileReference; lastKnownFileType = wrapper.framework; name = CoreGraphics.framework; path = System/Library/Frameworks/CoreGraphics.framework; sourceTree = SDKROOT; };
		793344AA180F6B8300AB2C0F /* METhumbnailKitDemo-Info.plist */ = {isa = PBXFileReference; lastKnownFileType = text.plist.xml; path = "METhumbnailKitDemo-Info.plist"; sourceTree = "<group>"; };
		793344AC180F6B8300AB2C0F /* en */ = {isa = PBXFileReference; lastKnownFileType = text.plist.strings; name = en; path = en.lproj/InfoPlist.strings; sourceTree = "<group>"; };
		793344AE180F6B8300AB2C0F /* main.m */ = {isa = PBXFileReference; lastKnownFileType = sourcecode.c.objc; path = main.m; sourceTree = "<group>"; };
		793344B0180F6B8300AB2C0F /* METhumbnailKitDemo-Prefix.pch */ = {isa = PBXFileReference; lastKnownFileType = sourcecode.c.h; path = "METhumbnailKitDemo-Prefix.pch"; sourceTree = "<group>"; };
		793344B1180F6B8300AB2C0F /* MEAppDelegate.h */ = {isa = PBXFileReference; lastKnownFileType = sourcecode.c.h; path = MEAppDelegate.h; sourceTree = "<group>"; };
		793344B2180F6B8300AB2C0F /* MEAppDelegate.m */ = {isa = PBXFileReference; lastKnownFileType = sourcecode.c.objc; path = MEAppDelegate.m; sourceTree = "<group>"; };
		793344B4180F6B8300AB2C0F /* Images.xcassets */ = {isa = PBXFileReference; lastKnownFileType = folder.assetcatalog; path = Images.xcassets; sourceTree = "<group>"; };
		793344CE180F6C8300AB2C0F /* Files */ = {isa = PBXFileReference; lastKnownFileType = folder; path = Files; sourceTree = "<group>"; };
		793344D0180F6E6400AB2C0F /* METhumbnailManager.h */ = {isa = PBXFileReference; fileEncoding = 4; lastKnownFileType = sourcecode.c.h; path = METhumbnailManager.h; sourceTree = "<group>"; };
		793344D1180F6E6400AB2C0F /* METhumbnailManager.m */ = {isa = PBXFileReference; fileEncoding = 4; lastKnownFileType = sourcecode.c.objc; path = METhumbnailManager.m; sourceTree = "<group>"; };
		793344D6180F749900AB2C0F /* MEImageThumbnailOperation.h */ = {isa = PBXFileReference; fileEncoding = 4; lastKnownFileType = sourcecode.c.h; path = MEImageThumbnailOperation.h; sourceTree = "<group>"; };
		793344D7180F749900AB2C0F /* MEImageThumbnailOperation.m */ = {isa = PBXFileReference; fileEncoding = 4; lastKnownFileType = sourcecode.c.objc; path = MEImageThumbnailOperation.m; sourceTree = "<group>"; };
		793344DB180F769F00AB2C0F /* METhumbnailOperation.h */ = {isa = PBXFileReference; lastKnownFileType = sourcecode.c.h; path = METhumbnailOperation.h; sourceTree = "<group>"; };
		793344DF180F7DB800AB2C0F /* UIImage+METKExtensions.h */ = {isa = PBXFileReference; fileEncoding = 4; lastKnownFileType = sourcecode.c.h; path = "UIImage+METKExtensions.h"; sourceTree = "<group>"; };
		793344E0180F7DB800AB2C0F /* UIImage+METKExtensions.m */ = {isa = PBXFileReference; fileEncoding = 4; lastKnownFileType = sourcecode.c.objc; path = "UIImage+METKExtensions.m"; sourceTree = "<group>"; };
		793344E5180F8F9500AB2C0F /* METhumbnailKit.h */ = {isa = PBXFileReference; lastKnownFileType = sourcecode.c.h; path = METhumbnailKit.h; sourceTree = "<group>"; };
		793344EB180FB19500AB2C0F /* MERootViewController.h */ = {isa = PBXFileReference; fileEncoding = 4; lastKnownFileType = sourcecode.c.h; path = MERootViewController.h; sourceTree = "<group>"; };
		793344EC180FB19500AB2C0F /* MERootViewController.m */ = {isa = PBXFileReference; fileEncoding = 4; lastKnownFileType = sourcecode.c.objc; path = MERootViewController.m; sourceTree = "<group>"; };
		793344EE180FC38000AB2C0F /* MobileCoreServices.framework */ = {isa = PBXFileReference; lastKnownFileType = wrapper.framework; name = MobileCoreServices.framework; path = System/Library/Frameworks/MobileCoreServices.framework; sourceTree = SDKROOT; };
/* End PBXFileReference section */

/* Begin PBXFrameworksBuildPhase section */
		79334473180F6AEA00AB2C0F /* Frameworks */ = {
			isa = PBXFrameworksBuildPhase;
			buildActionMask = 2147483647;
			files = (
				7933447A180F6AEA00AB2C0F /* Foundation.framework in Frameworks */,
			);
			runOnlyForDeploymentPostprocessing = 0;
		};
		79334483180F6AEA00AB2C0F /* Frameworks */ = {
			isa = PBXFrameworksBuildPhase;
			buildActionMask = 2147483647;
			files = (
				79334488180F6AEA00AB2C0F /* XCTest.framework in Frameworks */,
				7933448B180F6AEA00AB2C0F /* UIKit.framework in Frameworks */,
				79334489180F6AEA00AB2C0F /* Foundation.framework in Frameworks */,
				7933448E180F6AEA00AB2C0F /* libMEThumbnailKit.a in Frameworks */,
			);
			runOnlyForDeploymentPostprocessing = 0;
		};
		793344A0180F6B8200AB2C0F /* Frameworks */ = {
			isa = PBXFrameworksBuildPhase;
			buildActionMask = 2147483647;
			files = (
				793344EF180FC38000AB2C0F /* MobileCoreServices.framework in Frameworks */,
				793344E2180F8F6200AB2C0F /* libMEThumbnailKit.a in Frameworks */,
				793344A6180F6B8300AB2C0F /* CoreGraphics.framework in Frameworks */,
				793344A7180F6B8300AB2C0F /* UIKit.framework in Frameworks */,
				793344A4180F6B8200AB2C0F /* Foundation.framework in Frameworks */,
			);
			runOnlyForDeploymentPostprocessing = 0;
		};
/* End PBXFrameworksBuildPhase section */

/* Begin PBXGroup section */
		7933446D180F6AEA00AB2C0F = {
			isa = PBXGroup;
			children = (
				7933447B180F6AEA00AB2C0F /* METhumbnailKit */,
				7933448F180F6AEA00AB2C0F /* METhumbnailKitTests */,
				793344A8180F6B8300AB2C0F /* METhumbnailKitDemo */,
				79334478180F6AEA00AB2C0F /* Frameworks */,
				79334477180F6AEA00AB2C0F /* Products */,
			);
			sourceTree = "<group>";
		};
		79334477180F6AEA00AB2C0F /* Products */ = {
			isa = PBXGroup;
			children = (
				79334476180F6AEA00AB2C0F /* libMEThumbnailKit.a */,
				79334486180F6AEA00AB2C0F /* METhumbnailKitTests.xctest */,
				793344A3180F6B8200AB2C0F /* METhumbnailKitDemo.app */,
			);
			name = Products;
			sourceTree = "<group>";
		};
		79334478180F6AEA00AB2C0F /* Frameworks */ = {
			isa = PBXGroup;
			children = (
				793344EE180FC38000AB2C0F /* MobileCoreServices.framework */,
				79334479180F6AEA00AB2C0F /* Foundation.framework */,
				79334487180F6AEA00AB2C0F /* XCTest.framework */,
				7933448A180F6AEA00AB2C0F /* UIKit.framework */,
				793344A5180F6B8300AB2C0F /* CoreGraphics.framework */,
			);
			name = Frameworks;
			sourceTree = "<group>";
		};
		7933447B180F6AEA00AB2C0F /* METhumbnailKit */ = {
			isa = PBXGroup;
			children = (
				793344E5180F8F9500AB2C0F /* METhumbnailKit.h */,
				793344D0180F6E6400AB2C0F /* METhumbnailManager.h */,
				793344D1180F6E6400AB2C0F /* METhumbnailManager.m */,
				793344DB180F769F00AB2C0F /* METhumbnailOperation.h */,
				793344D6180F749900AB2C0F /* MEImageThumbnailOperation.h */,
				793344D7180F749900AB2C0F /* MEImageThumbnailOperation.m */,
				793344DF180F7DB800AB2C0F /* UIImage+METKExtensions.h */,
				793344E0180F7DB800AB2C0F /* UIImage+METKExtensions.m */,
				7933447C180F6AEA00AB2C0F /* Supporting Files */,
			);
			path = METhumbnailKit;
			sourceTree = "<group>";
		};
		7933447C180F6AEA00AB2C0F /* Supporting Files */ = {
			isa = PBXGroup;
			children = (
				7933447D180F6AEA00AB2C0F /* METhumbnailKit-Prefix.pch */,
			);
			name = "Supporting Files";
			sourceTree = "<group>";
		};
		7933448F180F6AEA00AB2C0F /* METhumbnailKitTests */ = {
			isa = PBXGroup;
			children = (
				79334495180F6AEA00AB2C0F /* METhumbnailKitTests.m */,
				79334490180F6AEA00AB2C0F /* Supporting Files */,
			);
			path = METhumbnailKitTests;
			sourceTree = "<group>";
		};
		79334490180F6AEA00AB2C0F /* Supporting Files */ = {
			isa = PBXGroup;
			children = (
				79334491180F6AEA00AB2C0F /* METhumbnailKitTests-Info.plist */,
				79334492180F6AEA00AB2C0F /* InfoPlist.strings */,
			);
			name = "Supporting Files";
			sourceTree = "<group>";
		};
		793344A8180F6B8300AB2C0F /* METhumbnailKitDemo */ = {
			isa = PBXGroup;
			children = (
				793344B1180F6B8300AB2C0F /* MEAppDelegate.h */,
				793344B2180F6B8300AB2C0F /* MEAppDelegate.m */,
				793344EB180FB19500AB2C0F /* MERootViewController.h */,
				793344EC180FB19500AB2C0F /* MERootViewController.m */,
				793344CE180F6C8300AB2C0F /* Files */,
				793344B4180F6B8300AB2C0F /* Images.xcassets */,
				793344A9180F6B8300AB2C0F /* Supporting Files */,
			);
			path = METhumbnailKitDemo;
			sourceTree = "<group>";
		};
		793344A9180F6B8300AB2C0F /* Supporting Files */ = {
			isa = PBXGroup;
			children = (
				793344AA180F6B8300AB2C0F /* METhumbnailKitDemo-Info.plist */,
				793344AB180F6B8300AB2C0F /* InfoPlist.strings */,
				793344AE180F6B8300AB2C0F /* main.m */,
				793344B0180F6B8300AB2C0F /* METhumbnailKitDemo-Prefix.pch */,
			);
			name = "Supporting Files";
			sourceTree = "<group>";
		};
/* End PBXGroup section */

/* Begin PBXNativeTarget section */
		79334475180F6AEA00AB2C0F /* METhumbnailKit */ = {
			isa = PBXNativeTarget;
			buildConfigurationList = 79334499180F6AEA00AB2C0F /* Build configuration list for PBXNativeTarget "METhumbnailKit" */;
			buildPhases = (
				79334472180F6AEA00AB2C0F /* Sources */,
				79334473180F6AEA00AB2C0F /* Frameworks */,
				79334474180F6AEA00AB2C0F /* CopyFiles */,
			);
			buildRules = (
			);
			dependencies = (
			);
			name = METhumbnailKit;
			productName = METhumbnailKit;
			productReference = 79334476180F6AEA00AB2C0F /* libMEThumbnailKit.a */;
			productType = "com.apple.product-type.library.static";
		};
		79334485180F6AEA00AB2C0F /* METhumbnailKitTests */ = {
			isa = PBXNativeTarget;
			buildConfigurationList = 7933449C180F6AEA00AB2C0F /* Build configuration list for PBXNativeTarget "METhumbnailKitTests" */;
			buildPhases = (
				79334482180F6AEA00AB2C0F /* Sources */,
				79334483180F6AEA00AB2C0F /* Frameworks */,
				79334484180F6AEA00AB2C0F /* Resources */,
			);
			buildRules = (
			);
			dependencies = (
				7933448D180F6AEA00AB2C0F /* PBXTargetDependency */,
			);
			name = METhumbnailKitTests;
			productName = METhumbnailKitTests;
			productReference = 79334486180F6AEA00AB2C0F /* METhumbnailKitTests.xctest */;
			productType = "com.apple.product-type.bundle.unit-test";
		};
		793344A2180F6B8200AB2C0F /* METhumbnailKitDemo */ = {
			isa = PBXNativeTarget;
			buildConfigurationList = 793344C8180F6B8300AB2C0F /* Build configuration list for PBXNativeTarget "METhumbnailKitDemo" */;
			buildPhases = (
				7933449F180F6B8200AB2C0F /* Sources */,
				793344A0180F6B8200AB2C0F /* Frameworks */,
				793344A1180F6B8200AB2C0F /* Resources */,
			);
			buildRules = (
			);
			dependencies = (
				793344E4180F8F7E00AB2C0F /* PBXTargetDependency */,
			);
			name = METhumbnailKitDemo;
			productName = METhumbnailKitDemo;
			productReference = 793344A3180F6B8200AB2C0F /* METhumbnailKitDemo.app */;
			productType = "com.apple.product-type.application";
		};
/* End PBXNativeTarget section */

/* Begin PBXProject section */
		7933446E180F6AEA00AB2C0F /* Project object */ = {
			isa = PBXProject;
			attributes = {
				LastUpgradeCheck = 0500;
				ORGANIZATIONNAME = "Maestro, LLC.";
				TargetAttributes = {
					79334485180F6AEA00AB2C0F = {
						TestTargetID = 793344A2180F6B8200AB2C0F;
					};
				};
			};
			buildConfigurationList = 79334471180F6AEA00AB2C0F /* Build configuration list for PBXProject "METhumbnailKit" */;
			compatibilityVersion = "Xcode 3.2";
			developmentRegion = English;
			hasScannedForEncodings = 0;
			knownRegions = (
				en,
			);
			mainGroup = 7933446D180F6AEA00AB2C0F;
			productRefGroup = 79334477180F6AEA00AB2C0F /* Products */;
			projectDirPath = "";
			projectRoot = "";
			targets = (
				79334475180F6AEA00AB2C0F /* METhumbnailKit */,
				79334485180F6AEA00AB2C0F /* METhumbnailKitTests */,
				793344A2180F6B8200AB2C0F /* METhumbnailKitDemo */,
			);
		};
/* End PBXProject section */

/* Begin PBXResourcesBuildPhase section */
		79334484180F6AEA00AB2C0F /* Resources */ = {
			isa = PBXResourcesBuildPhase;
			buildActionMask = 2147483647;
			files = (
				79334494180F6AEA00AB2C0F /* InfoPlist.strings in Resources */,
			);
			runOnlyForDeploymentPostprocessing = 0;
		};
		793344A1180F6B8200AB2C0F /* Resources */ = {
			isa = PBXResourcesBuildPhase;
			buildActionMask = 2147483647;
			files = (
				793344CF180F6C8300AB2C0F /* Files in Resources */,
				793344AD180F6B8300AB2C0F /* InfoPlist.strings in Resources */,
				793344B5180F6B8300AB2C0F /* Images.xcassets in Resources */,
			);
			runOnlyForDeploymentPostprocessing = 0;
		};
/* End PBXResourcesBuildPhase section */

/* Begin PBXSourcesBuildPhase section */
		79334472180F6AEA00AB2C0F /* Sources */ = {
			isa = PBXSourcesBuildPhase;
			buildActionMask = 2147483647;
			files = (
				793344D8180F749900AB2C0F /* MEImageThumbnailOperation.m in Sources */,
				793344E1180F7DB800AB2C0F /* UIImage+METKExtensions.m in Sources */,
				793344D2180F6E6400AB2C0F /* METhumbnailManager.m in Sources */,
			);
			runOnlyForDeploymentPostprocessing = 0;
		};
		79334482180F6AEA00AB2C0F /* Sources */ = {
			isa = PBXSourcesBuildPhase;
			buildActionMask = 2147483647;
			files = (
				79334496180F6AEA00AB2C0F /* METhumbnailKitTests.m in Sources */,
			);
			runOnlyForDeploymentPostprocessing = 0;
		};
		7933449F180F6B8200AB2C0F /* Sources */ = {
			isa = PBXSourcesBuildPhase;
			buildActionMask = 2147483647;
			files = (
				793344B3180F6B8300AB2C0F /* MEAppDelegate.m in Sources */,
				793344AF180F6B8300AB2C0F /* main.m in Sources */,
				793344ED180FB19500AB2C0F /* MERootViewController.m in Sources */,
			);
			runOnlyForDeploymentPostprocessing = 0;
		};
/* End PBXSourcesBuildPhase section */

/* Begin PBXTargetDependency section */
		7933448D180F6AEA00AB2C0F /* PBXTargetDependency */ = {
			isa = PBXTargetDependency;
			target = 79334475180F6AEA00AB2C0F /* METhumbnailKit */;
			targetProxy = 7933448C180F6AEA00AB2C0F /* PBXContainerItemProxy */;
		};
		793344E4180F8F7E00AB2C0F /* PBXTargetDependency */ = {
			isa = PBXTargetDependency;
			target = 79334475180F6AEA00AB2C0F /* METhumbnailKit */;
			targetProxy = 793344E3180F8F7E00AB2C0F /* PBXContainerItemProxy */;
		};
/* End PBXTargetDependency section */

/* Begin PBXVariantGroup section */
		79334492180F6AEA00AB2C0F /* InfoPlist.strings */ = {
			isa = PBXVariantGroup;
			children = (
				79334493180F6AEA00AB2C0F /* en */,
			);
			name = InfoPlist.strings;
			sourceTree = "<group>";
		};
		793344AB180F6B8300AB2C0F /* InfoPlist.strings */ = {
			isa = PBXVariantGroup;
			children = (
				793344AC180F6B8300AB2C0F /* en */,
			);
			name = InfoPlist.strings;
			sourceTree = "<group>";
		};
/* End PBXVariantGroup section */

/* Begin XCBuildConfiguration section */
		79334497180F6AEA00AB2C0F /* Debug */ = {
			isa = XCBuildConfiguration;
			buildSettings = {
				ALWAYS_SEARCH_USER_PATHS = NO;
				ARCHS = "$(ARCHS_STANDARD_INCLUDING_64_BIT)";
				CLANG_CXX_LANGUAGE_STANDARD = "gnu++0x";
				CLANG_CXX_LIBRARY = "libc++";
				CLANG_ENABLE_MODULES = YES;
				CLANG_ENABLE_OBJC_ARC = YES;
				CLANG_WARN_BOOL_CONVERSION = YES;
				CLANG_WARN_CONSTANT_CONVERSION = YES;
				CLANG_WARN_DIRECT_OBJC_ISA_USAGE = YES_ERROR;
				CLANG_WARN_EMPTY_BODY = YES;
				CLANG_WARN_ENUM_CONVERSION = YES;
				CLANG_WARN_INT_CONVERSION = YES;
				CLANG_WARN_OBJC_ROOT_CLASS = YES_ERROR;
				CLANG_WARN__DUPLICATE_METHOD_MATCH = YES;
				COPY_PHASE_STRIP = NO;
				GCC_C_LANGUAGE_STANDARD = gnu99;
				GCC_DYNAMIC_NO_PIC = NO;
				GCC_OPTIMIZATION_LEVEL = 0;
				GCC_PREPROCESSOR_DEFINITIONS = (
					"DEBUG=1",
					"$(inherited)",
				);
				GCC_SYMBOLS_PRIVATE_EXTERN = NO;
				GCC_WARN_64_TO_32_BIT_CONVERSION = YES;
				GCC_WARN_ABOUT_RETURN_TYPE = YES_ERROR;
				GCC_WARN_UNDECLARED_SELECTOR = YES;
				GCC_WARN_UNINITIALIZED_AUTOS = YES;
				GCC_WARN_UNUSED_FUNCTION = YES;
				GCC_WARN_UNUSED_VARIABLE = YES;
				IPHONEOS_DEPLOYMENT_TARGET = 7.0;
				ONLY_ACTIVE_ARCH = YES;
				SDKROOT = iphoneos;
			};
			name = Debug;
		};
		79334498180F6AEA00AB2C0F /* Release */ = {
			isa = XCBuildConfiguration;
			buildSettings = {
				ALWAYS_SEARCH_USER_PATHS = NO;
				ARCHS = "$(ARCHS_STANDARD_INCLUDING_64_BIT)";
				CLANG_CXX_LANGUAGE_STANDARD = "gnu++0x";
				CLANG_CXX_LIBRARY = "libc++";
				CLANG_ENABLE_MODULES = YES;
				CLANG_ENABLE_OBJC_ARC = YES;
				CLANG_WARN_BOOL_CONVERSION = YES;
				CLANG_WARN_CONSTANT_CONVERSION = YES;
				CLANG_WARN_DIRECT_OBJC_ISA_USAGE = YES_ERROR;
				CLANG_WARN_EMPTY_BODY = YES;
				CLANG_WARN_ENUM_CONVERSION = YES;
				CLANG_WARN_INT_CONVERSION = YES;
				CLANG_WARN_OBJC_ROOT_CLASS = YES_ERROR;
				CLANG_WARN__DUPLICATE_METHOD_MATCH = YES;
				COPY_PHASE_STRIP = YES;
				ENABLE_NS_ASSERTIONS = NO;
				GCC_C_LANGUAGE_STANDARD = gnu99;
				GCC_WARN_64_TO_32_BIT_CONVERSION = YES;
				GCC_WARN_ABOUT_RETURN_TYPE = YES_ERROR;
				GCC_WARN_UNDECLARED_SELECTOR = YES;
				GCC_WARN_UNINITIALIZED_AUTOS = YES;
				GCC_WARN_UNUSED_FUNCTION = YES;
				GCC_WARN_UNUSED_VARIABLE = YES;
				IPHONEOS_DEPLOYMENT_TARGET = 7.0;
				SDKROOT = iphoneos;
				VALIDATE_PRODUCT = YES;
			};
			name = Release;
		};
		7933449A180F6AEA00AB2C0F /* Debug */ = {
			isa = XCBuildConfiguration;
			buildSettings = {
				DSTROOT = /tmp/METhumbnailKit.dst;
				GCC_PRECOMPILE_PREFIX_HEADER = YES;
				GCC_PREFIX_HEADER = "METhumbnailKit/METhumbnailKit-Prefix.pch";
				OTHER_LDFLAGS = "-ObjC";
				PRODUCT_NAME = "$(TARGET_NAME)";
				SKIP_INSTALL = YES;
			};
			name = Debug;
		};
		7933449B180F6AEA00AB2C0F /* Release */ = {
			isa = XCBuildConfiguration;
			buildSettings = {
				DSTROOT = /tmp/METhumbnailKit.dst;
				GCC_PRECOMPILE_PREFIX_HEADER = YES;
				GCC_PREFIX_HEADER = "METhumbnailKit/METhumbnailKit-Prefix.pch";
				OTHER_LDFLAGS = "-ObjC";
				PRODUCT_NAME = "$(TARGET_NAME)";
				SKIP_INSTALL = YES;
			};
			name = Release;
		};
		7933449D180F6AEA00AB2C0F /* Debug */ = {
			isa = XCBuildConfiguration;
			buildSettings = {
				ARCHS = "$(ARCHS_STANDARD_INCLUDING_64_BIT)";
				BUNDLE_LOADER = "$(BUILT_PRODUCTS_DIR)/METhumbnailKitDemo.app/METhumbnailKitDemo";
				FRAMEWORK_SEARCH_PATHS = (
					"$(SDKROOT)/Developer/Library/Frameworks",
					"$(inherited)",
					"$(DEVELOPER_FRAMEWORKS_DIR)",
				);
				GCC_PRECOMPILE_PREFIX_HEADER = YES;
				GCC_PREFIX_HEADER = "METhumbnailKit/METhumbnailKit-Prefix.pch";
				GCC_PREPROCESSOR_DEFINITIONS = (
					"DEBUG=1",
					"$(inherited)",
				);
				INFOPLIST_FILE = "METhumbnailKitTests/METhumbnailKitTests-Info.plist";
				PRODUCT_NAME = "$(TARGET_NAME)";
				TEST_HOST = "$(BUNDLE_LOADER)";
				WRAPPER_EXTENSION = xctest;
			};
			name = Debug;
		};
		7933449E180F6AEA00AB2C0F /* Release */ = {
			isa = XCBuildConfiguration;
			buildSettings = {
				ARCHS = "$(ARCHS_STANDARD_INCLUDING_64_BIT)";
				BUNDLE_LOADER = "$(BUILT_PRODUCTS_DIR)/METhumbnailKitDemo.app/METhumbnailKitDemo";
				FRAMEWORK_SEARCH_PATHS = (
					"$(SDKROOT)/Developer/Library/Frameworks",
					"$(inherited)",
					"$(DEVELOPER_FRAMEWORKS_DIR)",
				);
				GCC_PRECOMPILE_PREFIX_HEADER = YES;
				GCC_PREFIX_HEADER = "METhumbnailKit/METhumbnailKit-Prefix.pch";
				INFOPLIST_FILE = "METhumbnailKitTests/METhumbnailKitTests-Info.plist";
				PRODUCT_NAME = "$(TARGET_NAME)";
				TEST_HOST = "$(BUNDLE_LOADER)";
				WRAPPER_EXTENSION = xctest;
			};
			name = Release;
		};
		793344C9180F6B8300AB2C0F /* Debug */ = {
			isa = XCBuildConfiguration;
			buildSettings = {
				ARCHS = "$(ARCHS_STANDARD_INCLUDING_64_BIT)";
				ASSETCATALOG_COMPILER_APPICON_NAME = AppIcon;
				ASSETCATALOG_COMPILER_LAUNCHIMAGE_NAME = LaunchImage;
				"CODE_SIGN_IDENTITY[sdk=iphoneos*]" = "iPhone Developer";
				FRAMEWORK_SEARCH_PATHS = (
					"$(inherited)",
					"$(DEVELOPER_FRAMEWORKS_DIR)",
				);
				GCC_PRECOMPILE_PREFIX_HEADER = YES;
				GCC_PREFIX_HEADER = "METhumbnailKitDemo/METhumbnailKitDemo-Prefix.pch";
				GCC_PREPROCESSOR_DEFINITIONS = (
					"DEBUG=1",
					"$(inherited)",
				);
				HEADER_SEARCH_PATHS = (
					"$(inherited)",
					/Applications/Xcode.app/Contents/Developer/Toolchains/XcodeDefault.xctoolchain/usr/include,
					"\"$(BUILT_PRODUCTS_DIR)/include\"",
				);
				INFOPLIST_FILE = "METhumbnailKitDemo/METhumbnailKitDemo-Info.plist";
				OTHER_LDFLAGS = (
					"-all_load",
					"-ObjC",
				);
				PRODUCT_NAME = "$(TARGET_NAME)";
				TARGETED_DEVICE_FAMILY = "1,2";
				WRAPPER_EXTENSION = app;
			};
			name = Debug;
		};
		793344CA180F6B8300AB2C0F /* Release */ = {
			isa = XCBuildConfiguration;
			buildSettings = {
				ARCHS = "$(ARCHS_STANDARD_INCLUDING_64_BIT)";
				ASSETCATALOG_COMPILER_APPICON_NAME = AppIcon;
				ASSETCATALOG_COMPILER_LAUNCHIMAGE_NAME = LaunchImage;
				"CODE_SIGN_IDENTITY[sdk=iphoneos*]" = "iPhone Developer";
				FRAMEWORK_SEARCH_PATHS = (
					"$(inherited)",
					"$(DEVELOPER_FRAMEWORKS_DIR)",
				);
				GCC_PRECOMPILE_PREFIX_HEADER = YES;
				GCC_PREFIX_HEADER = "METhumbnailKitDemo/METhumbnailKitDemo-Prefix.pch";
				HEADER_SEARCH_PATHS = (
					"$(inherited)",
					/Applications/Xcode.app/Contents/Developer/Toolchains/XcodeDefault.xctoolchain/usr/include,
					"\"$(BUILT_PRODUCTS_DIR)/include\"",
				);
				INFOPLIST_FILE = "METhumbnailKitDemo/METhumbnailKitDemo-Info.plist";
				OTHER_LDFLAGS = (
					"-all_load",
					"-ObjC",
				);
				PRODUCT_NAME = "$(TARGET_NAME)";
				TARGETED_DEVICE_FAMILY = "1,2";
				WRAPPER_EXTENSION = app;
			};
			name = Release;
		};
/* End XCBuildConfiguration section */

/* Begin XCConfigurationList section */
		79334471180F6AEA00AB2C0F /* Build configuration list for PBXProject "METhumbnailKit" */ = {
			isa = XCConfigurationList;
			buildConfigurations = (
				79334497180F6AEA00AB2C0F /* Debug */,
				79334498180F6AEA00AB2C0F /* Release */,
			);
			defaultConfigurationIsVisible = 0;
			defaultConfigurationName = Release;
		};
		79334499180F6AEA00AB2C0F /* Build configuration list for PBXNativeTarget "METhumbnailKit" */ = {
			isa = XCConfigurationList;
			buildConfigurations = (
				7933449A180F6AEA00AB2C0F /* Debug */,
				7933449B180F6AEA00AB2C0F /* Release */,
			);
			defaultConfigurationIsVisible = 0;
			defaultConfigurationName = Release;
		};
		7933449C180F6AEA00AB2C0F /* Build configuration list for PBXNativeTarget "METhumbnailKitTests" */ = {
			isa = XCConfigurationList;
			buildConfigurations = (
				7933449D180F6AEA00AB2C0F /* Debug */,
				7933449E180F6AEA00AB2C0F /* Release */,
			);
			defaultConfigurationIsVisible = 0;
			defaultConfigurationName = Release;
		};
		793344C8180F6B8300AB2C0F /* Build configuration list for PBXNativeTarget "METhumbnailKitDemo" */ = {
			isa = XCConfigurationList;
			buildConfigurations = (
				793344C9180F6B8300AB2C0F /* Debug */,
				793344CA180F6B8300AB2C0F /* Release */,
			);
			defaultConfigurationIsVisible = 0;
			defaultConfigurationName = Release;
		};
/* End XCConfigurationList section */
	};
	rootObject = 7933446E180F6AEA00AB2C0F /* Project object */;
}
